
Microsoft Visual Studio Solution File, Format Version 12.00
# Visual Studio Version 16
VisualStudioVersion = 16.0.32802.440
MinimumVisualStudioVersion = 10.0.40219.1
Project("{FAE04EC0-301F-11D3-BF4B-00C04F79EFBC}") = "SampleProjectTwo", "SampleProjectTwo.csproj", "{24E9B855-F1ED-402F-ACB9-E8DD1A4A910B}"
EndProject
Project("{FAE04EC0-301F-11D3-BF4B-00C04F79EFBC}") = "WebAPPlicationMVC", "..\WebAPPlicationMVC\WebAPPlicationMVC.csproj", "{4E099D33-4639-4C7C-A645-DFFE6A78F465}"
EndProject
Global
	GlobalSection(SolutionConfigurationPlatforms) = preSolution
		Debug|Any CPU = Debug|Any CPU
		Release|Any CPU = Release|Any CPU
	EndGlobalSection
	GlobalSection(ProjectConfigurationPlatforms) = postSolution
		{24E9B855-F1ED-402F-ACB9-E8DD1A4A910B}.Debug|Any CPU.ActiveCfg = Debug|Any CPU
		{24E9B855-F1ED-402F-ACB9-E8DD1A4A910B}.Debug|Any CPU.Build.0 = Debug|Any CPU
		{24E9B855-F1ED-402F-ACB9-E8DD1A4A910B}.Release|Any CPU.ActiveCfg = Release|Any CPU
		{24E9B855-F1ED-402F-ACB9-E8DD1A4A910B}.Release|Any CPU.Build.0 = Release|Any CPU
		{4E099D33-4639-4C7C-A645-DFFE6A78F465}.Debug|Any CPU.ActiveCfg = Debug|Any CPU
		{4E099D33-4639-4C7C-A645-DFFE6A78F465}.Debug|Any CPU.Build.0 = Debug|Any CPU
		{4E099D33-4639-4C7C-A645-DFFE6A78F465}.Release|Any CPU.ActiveCfg = Release|Any CPU
		{4E099D33-4639-4C7C-A645-DFFE6A78F465}.Release|Any CPU.Build.0 = Release|Any CPU
	EndGlobalSection
	GlobalSection(SolutionProperties) = preSolution
		HideSolutionNode = FALSE
	EndGlobalSection
	GlobalSection(ExtensibilityGlobals) = postSolution
		SolutionGuid = {F9025F73-3A43-4964-ABB2-52E0CEEC26D5}
	EndGlobalSection
EndGlobal
